github.com/cupcake/rdb v0.0.0-20161107195141-43ba34106c76 h1:Lgdd/Qp96Qj8jqLpq2cI1I1X7BJnu06efS+XkhRoLUQ=
github.com/cupcake/rdb v0.0.0-20161107195141-43ba34106c76/go.mod h1:vYwsqCOLxGiisLwp9rITslkFNpZD5rz43tf41QFkTWY=
github.com/garyburd/redigo v1.6.2 h1:yE/pwKCrbLpLpQICzYTeZ7JsTA/C53wFTJHaEtRqniM=
github.com/garyburd/redigo v1.6.2/go.mod h1:NR3MbYisc3/PwhQ00EMzDiPmrwpPxAn5GI05/YaO1SY=
github.com/gugemichael/nimo4go v0.0.0-20200403101749-647883f3a053 h1:qxtglAE8Pl1tL9BS448bFkhSvU6WtEgn2oxzbsrn+aM=
github.com/gugemichael/nimo4go v0.0.0-20200403101749-647883f3a053/go.mod h1:ibO7uKpO8fOH/bKD4trmwm5tHhHKiAjC0u288Rd+GnI=
github.com/nightlyone/lockfile v1.0.0 h1:RHep2cFKK4PonZJDdEl4GmkabuhbsRMgk/k3uAmxBiA=
github.com/nightlyone/lockfile v1.0.0/go.mod h1:rywoIealpdNse2r832aiD9jRk8ErCatROs6LzC841CI=
github.com/vinllen/redis-go-cluster v1.0.0 h1:nb55xse1vDDzHXMikTe5+xtexessPEwJbJMg16pR6f4=
github.com/vinllen/redis-go-cluster v1.0.0/go.mod h1:xig5hQAOZX1K+KNUVDqAbhTRzMTPcb257nJl7OCHrI4=
gopkg.in/natefinch/lumberjack.v2 v2.0.0 h1:1Lc07Kr7qY4U2YPouBjpCLxpiyxIVoxqXgkXLknAOE8=
gopkg.in/natefinch/lumberjack.v2 v2.0.0/go.mod h1:l0ndWWf7gzL7RNwBG7wST/UCcT4T24xpD6X8LsfU/+k=
